
Microsoft Visual Studio Solution File, Format Version 12.00
# Visual Studio 2013
VisualStudioVersion = 12.0.31101.0
MinimumVisualStudioVersion = 10.0.40219.1
Project("{FAE04EC0-301F-11D3-BF4B-00C04F79EFBC}") = "AutoMapperAttributeMapping", "AutoMapperAttributeMapping\AutoMapperAttributeMapping.csproj", "{3CC4B592-05D7-42A7-B31D-C62DEE23B74B}"
EndProject
Project("{FAE04EC0-301F-11D3-BF4B-00C04F79EFBC}") = "WebTestProject", "WebTestProject\WebTestProject.csproj", "{6EB6428A-F31C-44AD-9BE3-1E847C643A31}"
EndProject
Global
	GlobalSection(SolutionConfigurationPlatforms) = preSolution
		Debug|Any CPU = Debug|Any CPU
		Release|Any CPU = Release|Any CPU
	EndGlobalSection
	GlobalSection(ProjectConfigurationPlatforms) = postSolution
		{3CC4B592-05D7-42A7-B31D-C62DEE23B74B}.Debug|Any CPU.ActiveCfg = Debug|Any CPU
		{3CC4B592-05D7-42A7-B31D-C62DEE23B74B}.Debug|Any CPU.Build.0 = Debug|Any CPU
		{3CC4B592-05D7-42A7-B31D-C62DEE23B74B}.Release|Any CPU.ActiveCfg = Release|Any CPU
		{3CC4B592-05D7-42A7-B31D-C62DEE23B74B}.Release|Any CPU.Build.0 = Release|Any CPU
		{6EB6428A-F31C-44AD-9BE3-1E847C643A31}.Debug|Any CPU.ActiveCfg = Debug|Any CPU
		{6EB6428A-F31C-44AD-9BE3-1E847C643A31}.Debug|Any CPU.Build.0 = Debug|Any CPU
		{6EB6428A-F31C-44AD-9BE3-1E847C643A31}.Release|Any CPU.ActiveCfg = Release|Any CPU
		{6EB6428A-F31C-44AD-9BE3-1E847C643A31}.Release|Any CPU.Build.0 = Release|Any CPU
	EndGlobalSection
	GlobalSection(SolutionProperties) = preSolution
		HideSolutionNode = FALSE
	EndGlobalSection
EndGlobal
